
Microsoft Visual Studio Solution File, Format Version 12.00
# Visual Studio Version 16
VisualStudioVersion = 16.0.30204.135
MinimumVisualStudioVersion = 10.0.40219.1
Project("{FAE04EC0-301F-11D3-BF4B-00C04F79EFBC}") = "PictureSelector_Simple", "PictureSelecter_Simple\PictureSelector_Simple.csproj", "{0A062136-A0EB-4B77-B756-5DE638F341D8}"
EndProject
Global
	GlobalSection(SolutionConfigurationPlatforms) = preSolution
		Debug|Any CPU = Debug|Any CPU
		Release|Any CPU = Release|Any CPU
	EndGlobalSection
	GlobalSection(ProjectConfigurationPlatforms) = postSolution
		{0A062136-A0EB-4B77-B756-5DE638F341D8}.Debug|Any CPU.ActiveCfg = Debug|Any CPU
		{0A062136-A0EB-4B77-B756-5DE638F341D8}.Debug|Any CPU.Build.0 = Debug|Any CPU
		{0A062136-A0EB-4B77-B756-5DE638F341D8}.Release|Any CPU.ActiveCfg = Release|Any CPU
		{0A062136-A0EB-4B77-B756-5DE638F341D8}.Release|Any CPU.Build.0 = Release|Any CPU
	EndGlobalSection
	GlobalSection(SolutionProperties) = preSolution
		HideSolutionNode = FALSE
	EndGlobalSection
	GlobalSection(ExtensibilityGlobals) = postSolution
		SolutionGuid = {F920BD7E-EA37-4A2B-A34E-D122B5D1B73F}
	EndGlobalSection
EndGlobal
